{
  "name": "tobo",
  "version": "0.1.7",
  "lockfileVersion": 3,
  "requires": true,
  "packages": {
    "": {
      "name": "tobo",
      "version": "0.1.7",
      "license": "ISC",
      "dependencies": {
        "bootstrap": "^5.3.3",
        "riot": "^9.1.5",
        "riot-observable": "^3.0.0"
      }
    },
    "node_modules/@popperjs/core": {
      "version": "2.11.8",
      "resolved": "https://registry.npmjs.org/@popperjs/core/-/core-2.11.8.tgz",
      "integrity": "sha512-P1st0aksCrn9sGZhp8GMYwBnQsbvAWsZAX44oXNNvLHGqAOcoVxmjZiohstwQ7SqKnbR47akdNi+uleWD8+g6A==",
      "peer": true,
      "funding": {
        "type": "opencollective",
        "url": "https://opencollective.com/popperjs"
      }
    },
    "node_modules/@riotjs/dom-bindings": {
      "version": "9.0.4",
      "resolved": "https://registry.npmjs.org/@riotjs/dom-bindings/-/dom-bindings-9.0.4.tgz",
      "integrity": "sha512-qtBMLoUTqX6ln1Ncp4xZxaG5NOmvEePEbU+ibku2VtlFMegoHBFiuJLAyLiFoCChOGvyzyQVhO+IKoG3xAluiw==",
      "dependencies": {
        "@riotjs/util": "^2.2.4"
      }
    },
    "node_modules/@riotjs/util": {
      "version": "2.2.4",
      "resolved": "https://registry.npmjs.org/@riotjs/util/-/util-2.2.4.tgz",
      "integrity": "sha512-VXQUCANno/Rg1Luieh6eikzdm8mnPHZUjwSYhGKkGoT28qEknU8ntP90C7Br0ARAAX+67HfvM7F4NBtWcEhnOg=="
    },
    "node_modules/bootstrap": {
      "version": "5.3.3",
      "resolved": "https://registry.npmjs.org/bootstrap/-/bootstrap-5.3.3.tgz",
      "integrity": "sha512-8HLCdWgyoMguSO9o+aH+iuZ+aht+mzW0u3HIMzVu7Srrpv7EBBxTnrFlSCskwdY1+EOFQSm7uMJhNQHkdPcmjg==",
      "funding": [
        {
          "type": "github",
          "url": "https://github.com/sponsors/twbs"
        },
        {
          "type": "opencollective",
          "url": "https://opencollective.com/bootstrap"
        }
      ],
      "peerDependencies": {
        "@popperjs/core": "^2.11.8"
      }
    },
    "node_modules/riot": {
      "version": "9.1.5",
      "resolved": "https://registry.npmjs.org/riot/-/riot-9.1.5.tgz",
      "integrity": "sha512-0psIBI26trXnYbU5Q4CmcpIgoVZlktmTuOv3xCOp/3xqNqtVVfAycp0SHDPK/Kcj4STv46+EGE1LJu9tjSpecw==",
      "dependencies": {
        "@riotjs/dom-bindings": "^9.0.4"
      },
      "engines": {
        "node": ">=18.0.0"
      }
    },
    "node_modules/riot-observable": {
      "version": "3.0.0",
      "resolved": "https://registry.npmjs.org/riot-observable/-/riot-observable-3.0.0.tgz",
      "integrity": "sha512-c0vTPmMrzBR0oc4ekMZ7ljYlSNjbA10/rthGkoTQmbm8efuZmXdv4ykTpCXJfG4B830HWXfaOZeRGhBlYFGssg=="
    }
  }
}
